
Microsoft Visual Studio Solution File, Format Version 12.00
# Visual Studio Version 17
VisualStudioVersion = 17.14.36127.28
MinimumVisualStudioVersion = 10.0.40219.1
Project("{FAE04EC0-301F-11D3-BF4B-00C04F79EFBC}") = "ToolChange", "ToolChange\ToolChange.csproj", "{86E51BBC-7949-428F-82A9-BDF51308F63B}"
EndProject
Project("{FAE04EC0-301F-11D3-BF4B-00C04F79EFBC}") = "AuthenticationService", "AuthenticationService\AuthenticationService.csproj", "{882748AF-18BC-4231-8C8A-826F68A47A0B}"
EndProject
Project("{FAE04EC0-301F-11D3-BF4B-00C04F79EFBC}") = "MiHttpClient", "MiHttpClient\MiHttpClient.csproj", "{6B9CB358-14AA-4611-A8DB-BFF9A0FE821B}"
EndProject
Project("{FAE04EC0-301F-11D3-BF4B-00C04F79EFBC}") = "POCO", "POCO\POCO.csproj", "{0852D880-34F0-4FB8-A851-CC5E7BD0D1BC}"
EndProject
Project("{FAE04EC0-301F-11D3-BF4B-00C04F79EFBC}") = "Services", "Services\Services.csproj", "{A6B1C566-14B1-4B54-830B-A2534FE42A8A}"
EndProject
Project("{FAE04EC0-301F-11D3-BF4B-00C04F79EFBC}") = "ToolChangeTests", "ToolChangeTests\ToolChangeTests.csproj", "{8BB50CE9-87B1-45A7-8B18-17ED50D47045}"
EndProject
Global
	GlobalSection(SolutionConfigurationPlatforms) = preSolution
		Debug|Any CPU = Debug|Any CPU
		Release|Any CPU = Release|Any CPU
	EndGlobalSection
	GlobalSection(ProjectConfigurationPlatforms) = postSolution
		{86E51BBC-7949-428F-82A9-BDF51308F63B}.Debug|Any CPU.ActiveCfg = Debug|Any CPU
		{86E51BBC-7949-428F-82A9-BDF51308F63B}.Debug|Any CPU.Build.0 = Debug|Any CPU
		{86E51BBC-7949-428F-82A9-BDF51308F63B}.Release|Any CPU.ActiveCfg = Release|Any CPU
		{86E51BBC-7949-428F-82A9-BDF51308F63B}.Release|Any CPU.Build.0 = Release|Any CPU
		{882748AF-18BC-4231-8C8A-826F68A47A0B}.Debug|Any CPU.ActiveCfg = Debug|Any CPU
		{882748AF-18BC-4231-8C8A-826F68A47A0B}.Debug|Any CPU.Build.0 = Debug|Any CPU
		{882748AF-18BC-4231-8C8A-826F68A47A0B}.Release|Any CPU.ActiveCfg = Release|Any CPU
		{882748AF-18BC-4231-8C8A-826F68A47A0B}.Release|Any CPU.Build.0 = Release|Any CPU
		{6B9CB358-14AA-4611-A8DB-BFF9A0FE821B}.Debug|Any CPU.ActiveCfg = Debug|Any CPU
		{6B9CB358-14AA-4611-A8DB-BFF9A0FE821B}.Debug|Any CPU.Build.0 = Debug|Any CPU
		{6B9CB358-14AA-4611-A8DB-BFF9A0FE821B}.Release|Any CPU.ActiveCfg = Release|Any CPU
		{6B9CB358-14AA-4611-A8DB-BFF9A0FE821B}.Release|Any CPU.Build.0 = Release|Any CPU
		{0852D880-34F0-4FB8-A851-CC5E7BD0D1BC}.Debug|Any CPU.ActiveCfg = Debug|Any CPU
		{0852D880-34F0-4FB8-A851-CC5E7BD0D1BC}.Debug|Any CPU.Build.0 = Debug|Any CPU
		{0852D880-34F0-4FB8-A851-CC5E7BD0D1BC}.Release|Any CPU.ActiveCfg = Release|Any CPU
		{0852D880-34F0-4FB8-A851-CC5E7BD0D1BC}.Release|Any CPU.Build.0 = Release|Any CPU
		{A6B1C566-14B1-4B54-830B-A2534FE42A8A}.Debug|Any CPU.ActiveCfg = Debug|Any CPU
		{A6B1C566-14B1-4B54-830B-A2534FE42A8A}.Debug|Any CPU.Build.0 = Debug|Any CPU
		{A6B1C566-14B1-4B54-830B-A2534FE42A8A}.Release|Any CPU.ActiveCfg = Release|Any CPU
		{A6B1C566-14B1-4B54-830B-A2534FE42A8A}.Release|Any CPU.Build.0 = Release|Any CPU
		{8BB50CE9-87B1-45A7-8B18-17ED50D47045}.Debug|Any CPU.ActiveCfg = Debug|Any CPU
		{8BB50CE9-87B1-45A7-8B18-17ED50D47045}.Debug|Any CPU.Build.0 = Debug|Any CPU
		{8BB50CE9-87B1-45A7-8B18-17ED50D47045}.Release|Any CPU.ActiveCfg = Release|Any CPU
		{8BB50CE9-87B1-45A7-8B18-17ED50D47045}.Release|Any CPU.Build.0 = Release|Any CPU
	EndGlobalSection
	GlobalSection(SolutionProperties) = preSolution
		HideSolutionNode = FALSE
	EndGlobalSection
	GlobalSection(ExtensibilityGlobals) = postSolution
		SolutionGuid = {82DE7CF7-D06B-43AE-9129-2ACBF1A548A4}
	EndGlobalSection
EndGlobal
